
Microsoft Visual Studio Solution File, Format Version 12.00
# Visual Studio 15
VisualStudioVersion = 15.0.27004.2002
MinimumVisualStudioVersion = 10.0.40219.1
Project("{FAE04EC0-301F-11D3-BF4B-00C04F79EFBC}") = "MediaForge", "MediaForge\MediaForge.csproj", "{B9DDE84E-8E02-453E-8F55-EF92E64C2DDD}"
EndProject
Project("{FAE04EC0-301F-11D3-BF4B-00C04F79EFBC}") = "Sequence", "Sequence\Sequence.csproj", "{A1B88504-74FF-4939-8880-61B4C4B03141}"
EndProject
Project("{FAE04EC0-301F-11D3-BF4B-00C04F79EFBC}") = "Controls", "Controls\Controls.csproj", "{9A85220A-2DD4-4D5B-9A7E-15D03CE85DB3}"
EndProject
Project("{FAE04EC0-301F-11D3-BF4B-00C04F79EFBC}") = "AudioEngine", "AudioEngine\AudioEngine.csproj", "{E2AB1BBD-3AA5-4665-99CB-5AB506BF0BE5}"
EndProject
Global
	GlobalSection(SolutionConfigurationPlatforms) = preSolution
		Debug|Any CPU = Debug|Any CPU
		Debug|ARM = Debug|ARM
		Debug|x64 = Debug|x64
		Debug|x86 = Debug|x86
		Release|Any CPU = Release|Any CPU
		Release|ARM = Release|ARM
		Release|x64 = Release|x64
		Release|x86 = Release|x86
	EndGlobalSection
	GlobalSection(ProjectConfigurationPlatforms) = postSolution
		{B9DDE84E-8E02-453E-8F55-EF92E64C2DDD}.Debug|Any CPU.ActiveCfg = Debug|x86
		{B9DDE84E-8E02-453E-8F55-EF92E64C2DDD}.Debug|ARM.ActiveCfg = Debug|ARM
		{B9DDE84E-8E02-453E-8F55-EF92E64C2DDD}.Debug|ARM.Build.0 = Debug|ARM
		{B9DDE84E-8E02-453E-8F55-EF92E64C2DDD}.Debug|ARM.Deploy.0 = Debug|ARM
		{B9DDE84E-8E02-453E-8F55-EF92E64C2DDD}.Debug|x64.ActiveCfg = Debug|x64
		{B9DDE84E-8E02-453E-8F55-EF92E64C2DDD}.Debug|x64.Build.0 = Debug|x64
		{B9DDE84E-8E02-453E-8F55-EF92E64C2DDD}.Debug|x64.Deploy.0 = Debug|x64
		{B9DDE84E-8E02-453E-8F55-EF92E64C2DDD}.Debug|x86.ActiveCfg = Debug|x86
		{B9DDE84E-8E02-453E-8F55-EF92E64C2DDD}.Debug|x86.Build.0 = Debug|x86
		{B9DDE84E-8E02-453E-8F55-EF92E64C2DDD}.Debug|x86.Deploy.0 = Debug|x86
		{B9DDE84E-8E02-453E-8F55-EF92E64C2DDD}.Release|Any CPU.ActiveCfg = Release|x86
		{B9DDE84E-8E02-453E-8F55-EF92E64C2DDD}.Release|ARM.ActiveCfg = Release|ARM
		{B9DDE84E-8E02-453E-8F55-EF92E64C2DDD}.Release|ARM.Build.0 = Release|ARM
		{B9DDE84E-8E02-453E-8F55-EF92E64C2DDD}.Release|ARM.Deploy.0 = Release|ARM
		{B9DDE84E-8E02-453E-8F55-EF92E64C2DDD}.Release|x64.ActiveCfg = Release|x64
		{B9DDE84E-8E02-453E-8F55-EF92E64C2DDD}.Release|x64.Build.0 = Release|x64
		{B9DDE84E-8E02-453E-8F55-EF92E64C2DDD}.Release|x64.Deploy.0 = Release|x64
		{B9DDE84E-8E02-453E-8F55-EF92E64C2DDD}.Release|x86.ActiveCfg = Release|x86
		{B9DDE84E-8E02-453E-8F55-EF92E64C2DDD}.Release|x86.Build.0 = Release|x86
		{B9DDE84E-8E02-453E-8F55-EF92E64C2DDD}.Release|x86.Deploy.0 = Release|x86
		{A1B88504-74FF-4939-8880-61B4C4B03141}.Debug|Any CPU.ActiveCfg = Debug|Any CPU
		{A1B88504-74FF-4939-8880-61B4C4B03141}.Debug|Any CPU.Build.0 = Debug|Any CPU
		{A1B88504-74FF-4939-8880-61B4C4B03141}.Debug|ARM.ActiveCfg = Debug|ARM
		{A1B88504-74FF-4939-8880-61B4C4B03141}.Debug|ARM.Build.0 = Debug|ARM
		{A1B88504-74FF-4939-8880-61B4C4B03141}.Debug|x64.ActiveCfg = Debug|x64
		{A1B88504-74FF-4939-8880-61B4C4B03141}.Debug|x64.Build.0 = Debug|x64
		{A1B88504-74FF-4939-8880-61B4C4B03141}.Debug|x86.ActiveCfg = Debug|x86
		{A1B88504-74FF-4939-8880-61B4C4B03141}.Debug|x86.Build.0 = Debug|x86
		{A1B88504-74FF-4939-8880-61B4C4B03141}.Release|Any CPU.ActiveCfg = Release|Any CPU
		{A1B88504-74FF-4939-8880-61B4C4B03141}.Release|Any CPU.Build.0 = Release|Any CPU
		{A1B88504-74FF-4939-8880-61B4C4B03141}.Release|ARM.ActiveCfg = Release|ARM
		{A1B88504-74FF-4939-8880-61B4C4B03141}.Release|ARM.Build.0 = Release|ARM
		{A1B88504-74FF-4939-8880-61B4C4B03141}.Release|x64.ActiveCfg = Release|x64
		{A1B88504-74FF-4939-8880-61B4C4B03141}.Release|x64.Build.0 = Release|x64
		{A1B88504-74FF-4939-8880-61B4C4B03141}.Release|x86.ActiveCfg = Release|x86
		{A1B88504-74FF-4939-8880-61B4C4B03141}.Release|x86.Build.0 = Release|x86
		{9A85220A-2DD4-4D5B-9A7E-15D03CE85DB3}.Debug|Any CPU.ActiveCfg = Debug|Any CPU
		{9A85220A-2DD4-4D5B-9A7E-15D03CE85DB3}.Debug|Any CPU.Build.0 = Debug|Any CPU
		{9A85220A-2DD4-4D5B-9A7E-15D03CE85DB3}.Debug|ARM.ActiveCfg = Debug|ARM
		{9A85220A-2DD4-4D5B-9A7E-15D03CE85DB3}.Debug|ARM.Build.0 = Debug|ARM
		{9A85220A-2DD4-4D5B-9A7E-15D03CE85DB3}.Debug|x64.ActiveCfg = Debug|x64
		{9A85220A-2DD4-4D5B-9A7E-15D03CE85DB3}.Debug|x64.Build.0 = Debug|x64
		{9A85220A-2DD4-4D5B-9A7E-15D03CE85DB3}.Debug|x86.ActiveCfg = Debug|x86
		{9A85220A-2DD4-4D5B-9A7E-15D03CE85DB3}.Debug|x86.Build.0 = Debug|x86
		{9A85220A-2DD4-4D5B-9A7E-15D03CE85DB3}.Release|Any CPU.ActiveCfg = Release|Any CPU
		{9A85220A-2DD4-4D5B-9A7E-15D03CE85DB3}.Release|Any CPU.Build.0 = Release|Any CPU
		{9A85220A-2DD4-4D5B-9A7E-15D03CE85DB3}.Release|ARM.ActiveCfg = Release|ARM
		{9A85220A-2DD4-4D5B-9A7E-15D03CE85DB3}.Release|ARM.Build.0 = Release|ARM
		{9A85220A-2DD4-4D5B-9A7E-15D03CE85DB3}.Release|x64.ActiveCfg = Release|x64
		{9A85220A-2DD4-4D5B-9A7E-15D03CE85DB3}.Release|x64.Build.0 = Release|x64
		{9A85220A-2DD4-4D5B-9A7E-15D03CE85DB3}.Release|x86.ActiveCfg = Release|x86
		{9A85220A-2DD4-4D5B-9A7E-15D03CE85DB3}.Release|x86.Build.0 = Release|x86
		{E2AB1BBD-3AA5-4665-99CB-5AB506BF0BE5}.Debug|Any CPU.ActiveCfg = Debug|Any CPU
		{E2AB1BBD-3AA5-4665-99CB-5AB506BF0BE5}.Debug|Any CPU.Build.0 = Debug|Any CPU
		{E2AB1BBD-3AA5-4665-99CB-5AB506BF0BE5}.Debug|ARM.ActiveCfg = Debug|ARM
		{E2AB1BBD-3AA5-4665-99CB-5AB506BF0BE5}.Debug|ARM.Build.0 = Debug|ARM
		{E2AB1BBD-3AA5-4665-99CB-5AB506BF0BE5}.Debug|x64.ActiveCfg = Debug|x64
		{E2AB1BBD-3AA5-4665-99CB-5AB506BF0BE5}.Debug|x64.Build.0 = Debug|x64
		{E2AB1BBD-3AA5-4665-99CB-5AB506BF0BE5}.Debug|x86.ActiveCfg = Debug|x86
		{E2AB1BBD-3AA5-4665-99CB-5AB506BF0BE5}.Debug|x86.Build.0 = Debug|x86
		{E2AB1BBD-3AA5-4665-99CB-5AB506BF0BE5}.Release|Any CPU.ActiveCfg = Release|Any CPU
		{E2AB1BBD-3AA5-4665-99CB-5AB506BF0BE5}.Release|Any CPU.Build.0 = Release|Any CPU
		{E2AB1BBD-3AA5-4665-99CB-5AB506BF0BE5}.Release|ARM.ActiveCfg = Release|ARM
		{E2AB1BBD-3AA5-4665-99CB-5AB506BF0BE5}.Release|ARM.Build.0 = Release|ARM
		{E2AB1BBD-3AA5-4665-99CB-5AB506BF0BE5}.Release|x64.ActiveCfg = Release|x64
		{E2AB1BBD-3AA5-4665-99CB-5AB506BF0BE5}.Release|x64.Build.0 = Release|x64
		{E2AB1BBD-3AA5-4665-99CB-5AB506BF0BE5}.Release|x86.ActiveCfg = Release|x86
		{E2AB1BBD-3AA5-4665-99CB-5AB506BF0BE5}.Release|x86.Build.0 = Release|x86
	EndGlobalSection
	GlobalSection(SolutionProperties) = preSolution
		HideSolutionNode = FALSE
	EndGlobalSection
	GlobalSection(ExtensibilityGlobals) = postSolution
		SolutionGuid = {E65DCE4B-8C1F-4729-B274-F8AC859A7EC8}
	EndGlobalSection
EndGlobal
