
Microsoft Visual Studio Solution File, Format Version 12.00
# Visual Studio 15
VisualStudioVersion = 15.0.27004.2005
MinimumVisualStudioVersion = 10.0.40219.1
Project("{FAE04EC0-301F-11D3-BF4B-00C04F79EFBC}") = "MediaForge", "MediaForge\MediaForge.csproj", "{B9DDE84E-8E02-453E-8F55-EF92E64C2DDD}"
EndProject
Project("{FAE04EC0-301F-11D3-BF4B-00C04F79EFBC}") = "Sequence", "Sequence\Sequence.csproj", "{A1B88504-74FF-4939-8880-61B4C4B03141}"
EndProject
Project("{FAE04EC0-301F-11D3-BF4B-00C04F79EFBC}") = "Controls", "Controls\Controls.csproj", "{9A85220A-2DD4-4D5B-9A7E-15D03CE85DB3}"
EndProject
Project("{FAE04EC0-301F-11D3-BF4B-00C04F79EFBC}") = "AudioEngine", "AudioEngine\AudioEngine.csproj", "{E2AB1BBD-3AA5-4665-99CB-5AB506BF0BE5}"
EndProject
Project("{FAE04EC0-301F-11D3-BF4B-00C04F79EFBC}") = "MediaCore", "MediaCore\MediaCore.csproj", "{0E3B0941-B5AF-4BBC-8229-5C464E7A6954}"
EndProject
Project("{FAE04EC0-301F-11D3-BF4B-00C04F79EFBC}") = "Render", "Render\Render.csproj", "{1B94CDBE-46E5-410D-864E-23A64E1AAC1E}"
EndProject
Project("{FAE04EC0-301F-11D3-BF4B-00C04F79EFBC}") = "MForge.VideoEffects", "RenderCore\MForge.VideoEffects.csproj", "{9EE404B1-7BCC-4486-A68E-83F887ED552E}"
EndProject
Project("{FAE04EC0-301F-11D3-BF4B-00C04F79EFBC}") = "MForge.Engine", "MForge.Engine\MForge.Engine.csproj", "{12316F26-107C-4A5F-BB61-808450109E1C}"
EndProject
Project("{2150E333-8FDC-42A3-9474-1A3956D46DE8}") = "MForge", "MForge", "{216FB182-12A8-43E4-8630-426FB38D7463}"
EndProject
Project("{2150E333-8FDC-42A3-9474-1A3956D46DE8}") = "Libs", "Libs", "{D5E6288F-DDC1-4B73-A4CB-FEF4C0B3A641}"
EndProject
Project("{FAE04EC0-301F-11D3-BF4B-00C04F79EFBC}") = "EasyGIF", "EasyGIF\EasyGIF.csproj", "{A352F74E-A909-4F50-AF02-4CB06805146B}"
EndProject
Project("{FAE04EC0-301F-11D3-BF4B-00C04F79EFBC}") = "MForge.Render2D", "MForge.Render2D\MForge.Render2D.csproj", "{C451252D-1B82-4071-ACD0-0778E9687FCB}"
EndProject
Project("{FAE04EC0-301F-11D3-BF4B-00C04F79EFBC}") = "MForge.Sequensor", "MForgeSequensor\MForge.Sequensor.csproj", "{2DB207FA-8956-4D43-8732-73200EF02B7A}"
EndProject
Project("{FAE04EC0-301F-11D3-BF4B-00C04F79EFBC}") = "MForge.Animator", "MForge.Animator\MForge.Animator.csproj", "{D8C89A7D-0B42-449A-89C4-9D781EB9721A}"
EndProject
Project("{FAE04EC0-301F-11D3-BF4B-00C04F79EFBC}") = "Animation", "Animation\Animation.csproj", "{C84067DA-CF2E-4389-81C0-09A2C1408184}"
EndProject
Global
	GlobalSection(SolutionConfigurationPlatforms) = preSolution
		Debug|Any CPU = Debug|Any CPU
		Debug|ARM = Debug|ARM
		Debug|x64 = Debug|x64
		Debug|x86 = Debug|x86
		Release|Any CPU = Release|Any CPU
		Release|ARM = Release|ARM
		Release|x64 = Release|x64
		Release|x86 = Release|x86
	EndGlobalSection
	GlobalSection(ProjectConfigurationPlatforms) = postSolution
		{B9DDE84E-8E02-453E-8F55-EF92E64C2DDD}.Debug|Any CPU.ActiveCfg = Debug|x86
		{B9DDE84E-8E02-453E-8F55-EF92E64C2DDD}.Debug|ARM.ActiveCfg = Debug|ARM
		{B9DDE84E-8E02-453E-8F55-EF92E64C2DDD}.Debug|ARM.Build.0 = Debug|ARM
		{B9DDE84E-8E02-453E-8F55-EF92E64C2DDD}.Debug|ARM.Deploy.0 = Debug|ARM
		{B9DDE84E-8E02-453E-8F55-EF92E64C2DDD}.Debug|x64.ActiveCfg = Debug|x64
		{B9DDE84E-8E02-453E-8F55-EF92E64C2DDD}.Debug|x64.Build.0 = Debug|x64
		{B9DDE84E-8E02-453E-8F55-EF92E64C2DDD}.Debug|x64.Deploy.0 = Debug|x64
		{B9DDE84E-8E02-453E-8F55-EF92E64C2DDD}.Debug|x86.ActiveCfg = Debug|x86
		{B9DDE84E-8E02-453E-8F55-EF92E64C2DDD}.Debug|x86.Build.0 = Debug|x86
		{B9DDE84E-8E02-453E-8F55-EF92E64C2DDD}.Debug|x86.Deploy.0 = Debug|x86
		{B9DDE84E-8E02-453E-8F55-EF92E64C2DDD}.Release|Any CPU.ActiveCfg = Release|x86
		{B9DDE84E-8E02-453E-8F55-EF92E64C2DDD}.Release|ARM.ActiveCfg = Release|ARM
		{B9DDE84E-8E02-453E-8F55-EF92E64C2DDD}.Release|ARM.Build.0 = Release|ARM
		{B9DDE84E-8E02-453E-8F55-EF92E64C2DDD}.Release|ARM.Deploy.0 = Release|ARM
		{B9DDE84E-8E02-453E-8F55-EF92E64C2DDD}.Release|x64.ActiveCfg = Release|x64
		{B9DDE84E-8E02-453E-8F55-EF92E64C2DDD}.Release|x64.Build.0 = Release|x64
		{B9DDE84E-8E02-453E-8F55-EF92E64C2DDD}.Release|x64.Deploy.0 = Release|x64
		{B9DDE84E-8E02-453E-8F55-EF92E64C2DDD}.Release|x86.ActiveCfg = Release|x86
		{B9DDE84E-8E02-453E-8F55-EF92E64C2DDD}.Release|x86.Build.0 = Release|x86
		{B9DDE84E-8E02-453E-8F55-EF92E64C2DDD}.Release|x86.Deploy.0 = Release|x86
		{A1B88504-74FF-4939-8880-61B4C4B03141}.Debug|Any CPU.ActiveCfg = Debug|Any CPU
		{A1B88504-74FF-4939-8880-61B4C4B03141}.Debug|Any CPU.Build.0 = Debug|Any CPU
		{A1B88504-74FF-4939-8880-61B4C4B03141}.Debug|ARM.ActiveCfg = Debug|ARM
		{A1B88504-74FF-4939-8880-61B4C4B03141}.Debug|ARM.Build.0 = Debug|ARM
		{A1B88504-74FF-4939-8880-61B4C4B03141}.Debug|x64.ActiveCfg = Debug|x64
		{A1B88504-74FF-4939-8880-61B4C4B03141}.Debug|x64.Build.0 = Debug|x64
		{A1B88504-74FF-4939-8880-61B4C4B03141}.Debug|x86.ActiveCfg = Debug|x86
		{A1B88504-74FF-4939-8880-61B4C4B03141}.Debug|x86.Build.0 = Debug|x86
		{A1B88504-74FF-4939-8880-61B4C4B03141}.Release|Any CPU.ActiveCfg = Release|Any CPU
		{A1B88504-74FF-4939-8880-61B4C4B03141}.Release|Any CPU.Build.0 = Release|Any CPU
		{A1B88504-74FF-4939-8880-61B4C4B03141}.Release|ARM.ActiveCfg = Release|ARM
		{A1B88504-74FF-4939-8880-61B4C4B03141}.Release|ARM.Build.0 = Release|ARM
		{A1B88504-74FF-4939-8880-61B4C4B03141}.Release|x64.ActiveCfg = Release|x64
		{A1B88504-74FF-4939-8880-61B4C4B03141}.Release|x64.Build.0 = Release|x64
		{A1B88504-74FF-4939-8880-61B4C4B03141}.Release|x86.ActiveCfg = Release|x86
		{A1B88504-74FF-4939-8880-61B4C4B03141}.Release|x86.Build.0 = Release|x86
		{9A85220A-2DD4-4D5B-9A7E-15D03CE85DB3}.Debug|Any CPU.ActiveCfg = Debug|Any CPU
		{9A85220A-2DD4-4D5B-9A7E-15D03CE85DB3}.Debug|Any CPU.Build.0 = Debug|Any CPU
		{9A85220A-2DD4-4D5B-9A7E-15D03CE85DB3}.Debug|ARM.ActiveCfg = Debug|ARM
		{9A85220A-2DD4-4D5B-9A7E-15D03CE85DB3}.Debug|ARM.Build.0 = Debug|ARM
		{9A85220A-2DD4-4D5B-9A7E-15D03CE85DB3}.Debug|x64.ActiveCfg = Debug|x64
		{9A85220A-2DD4-4D5B-9A7E-15D03CE85DB3}.Debug|x64.Build.0 = Debug|x64
		{9A85220A-2DD4-4D5B-9A7E-15D03CE85DB3}.Debug|x86.ActiveCfg = Debug|x86
		{9A85220A-2DD4-4D5B-9A7E-15D03CE85DB3}.Debug|x86.Build.0 = Debug|x86
		{9A85220A-2DD4-4D5B-9A7E-15D03CE85DB3}.Release|Any CPU.ActiveCfg = Release|Any CPU
		{9A85220A-2DD4-4D5B-9A7E-15D03CE85DB3}.Release|Any CPU.Build.0 = Release|Any CPU
		{9A85220A-2DD4-4D5B-9A7E-15D03CE85DB3}.Release|ARM.ActiveCfg = Release|ARM
		{9A85220A-2DD4-4D5B-9A7E-15D03CE85DB3}.Release|ARM.Build.0 = Release|ARM
		{9A85220A-2DD4-4D5B-9A7E-15D03CE85DB3}.Release|x64.ActiveCfg = Release|x64
		{9A85220A-2DD4-4D5B-9A7E-15D03CE85DB3}.Release|x64.Build.0 = Release|x64
		{9A85220A-2DD4-4D5B-9A7E-15D03CE85DB3}.Release|x86.ActiveCfg = Release|x86
		{9A85220A-2DD4-4D5B-9A7E-15D03CE85DB3}.Release|x86.Build.0 = Release|x86
		{E2AB1BBD-3AA5-4665-99CB-5AB506BF0BE5}.Debug|Any CPU.ActiveCfg = Debug|Any CPU
		{E2AB1BBD-3AA5-4665-99CB-5AB506BF0BE5}.Debug|Any CPU.Build.0 = Debug|Any CPU
		{E2AB1BBD-3AA5-4665-99CB-5AB506BF0BE5}.Debug|ARM.ActiveCfg = Debug|ARM
		{E2AB1BBD-3AA5-4665-99CB-5AB506BF0BE5}.Debug|ARM.Build.0 = Debug|ARM
		{E2AB1BBD-3AA5-4665-99CB-5AB506BF0BE5}.Debug|x64.ActiveCfg = Debug|x64
		{E2AB1BBD-3AA5-4665-99CB-5AB506BF0BE5}.Debug|x64.Build.0 = Debug|x64
		{E2AB1BBD-3AA5-4665-99CB-5AB506BF0BE5}.Debug|x86.ActiveCfg = Debug|x86
		{E2AB1BBD-3AA5-4665-99CB-5AB506BF0BE5}.Debug|x86.Build.0 = Debug|x86
		{E2AB1BBD-3AA5-4665-99CB-5AB506BF0BE5}.Release|Any CPU.ActiveCfg = Release|Any CPU
		{E2AB1BBD-3AA5-4665-99CB-5AB506BF0BE5}.Release|Any CPU.Build.0 = Release|Any CPU
		{E2AB1BBD-3AA5-4665-99CB-5AB506BF0BE5}.Release|ARM.ActiveCfg = Release|ARM
		{E2AB1BBD-3AA5-4665-99CB-5AB506BF0BE5}.Release|ARM.Build.0 = Release|ARM
		{E2AB1BBD-3AA5-4665-99CB-5AB506BF0BE5}.Release|x64.ActiveCfg = Release|x64
		{E2AB1BBD-3AA5-4665-99CB-5AB506BF0BE5}.Release|x64.Build.0 = Release|x64
		{E2AB1BBD-3AA5-4665-99CB-5AB506BF0BE5}.Release|x86.ActiveCfg = Release|x86
		{E2AB1BBD-3AA5-4665-99CB-5AB506BF0BE5}.Release|x86.Build.0 = Release|x86
		{0E3B0941-B5AF-4BBC-8229-5C464E7A6954}.Debug|Any CPU.ActiveCfg = Debug|Any CPU
		{0E3B0941-B5AF-4BBC-8229-5C464E7A6954}.Debug|Any CPU.Build.0 = Debug|Any CPU
		{0E3B0941-B5AF-4BBC-8229-5C464E7A6954}.Debug|ARM.ActiveCfg = Debug|ARM
		{0E3B0941-B5AF-4BBC-8229-5C464E7A6954}.Debug|ARM.Build.0 = Debug|ARM
		{0E3B0941-B5AF-4BBC-8229-5C464E7A6954}.Debug|x64.ActiveCfg = Debug|x64
		{0E3B0941-B5AF-4BBC-8229-5C464E7A6954}.Debug|x64.Build.0 = Debug|x64
		{0E3B0941-B5AF-4BBC-8229-5C464E7A6954}.Debug|x86.ActiveCfg = Debug|x86
		{0E3B0941-B5AF-4BBC-8229-5C464E7A6954}.Debug|x86.Build.0 = Debug|x86
		{0E3B0941-B5AF-4BBC-8229-5C464E7A6954}.Release|Any CPU.ActiveCfg = Release|Any CPU
		{0E3B0941-B5AF-4BBC-8229-5C464E7A6954}.Release|Any CPU.Build.0 = Release|Any CPU
		{0E3B0941-B5AF-4BBC-8229-5C464E7A6954}.Release|ARM.ActiveCfg = Release|ARM
		{0E3B0941-B5AF-4BBC-8229-5C464E7A6954}.Release|ARM.Build.0 = Release|ARM
		{0E3B0941-B5AF-4BBC-8229-5C464E7A6954}.Release|x64.ActiveCfg = Release|x64
		{0E3B0941-B5AF-4BBC-8229-5C464E7A6954}.Release|x64.Build.0 = Release|x64
		{0E3B0941-B5AF-4BBC-8229-5C464E7A6954}.Release|x86.ActiveCfg = Release|x86
		{0E3B0941-B5AF-4BBC-8229-5C464E7A6954}.Release|x86.Build.0 = Release|x86
		{1B94CDBE-46E5-410D-864E-23A64E1AAC1E}.Debug|Any CPU.ActiveCfg = Debug|Any CPU
		{1B94CDBE-46E5-410D-864E-23A64E1AAC1E}.Debug|Any CPU.Build.0 = Debug|Any CPU
		{1B94CDBE-46E5-410D-864E-23A64E1AAC1E}.Debug|ARM.ActiveCfg = Debug|ARM
		{1B94CDBE-46E5-410D-864E-23A64E1AAC1E}.Debug|ARM.Build.0 = Debug|ARM
		{1B94CDBE-46E5-410D-864E-23A64E1AAC1E}.Debug|x64.ActiveCfg = Debug|x64
		{1B94CDBE-46E5-410D-864E-23A64E1AAC1E}.Debug|x64.Build.0 = Debug|x64
		{1B94CDBE-46E5-410D-864E-23A64E1AAC1E}.Debug|x86.ActiveCfg = Debug|x86
		{1B94CDBE-46E5-410D-864E-23A64E1AAC1E}.Debug|x86.Build.0 = Debug|x86
		{1B94CDBE-46E5-410D-864E-23A64E1AAC1E}.Release|Any CPU.ActiveCfg = Release|Any CPU
		{1B94CDBE-46E5-410D-864E-23A64E1AAC1E}.Release|Any CPU.Build.0 = Release|Any CPU
		{1B94CDBE-46E5-410D-864E-23A64E1AAC1E}.Release|ARM.ActiveCfg = Release|ARM
		{1B94CDBE-46E5-410D-864E-23A64E1AAC1E}.Release|ARM.Build.0 = Release|ARM
		{1B94CDBE-46E5-410D-864E-23A64E1AAC1E}.Release|x64.ActiveCfg = Release|x64
		{1B94CDBE-46E5-410D-864E-23A64E1AAC1E}.Release|x64.Build.0 = Release|x64
		{1B94CDBE-46E5-410D-864E-23A64E1AAC1E}.Release|x86.ActiveCfg = Release|x86
		{1B94CDBE-46E5-410D-864E-23A64E1AAC1E}.Release|x86.Build.0 = Release|x86
		{9EE404B1-7BCC-4486-A68E-83F887ED552E}.Debug|Any CPU.ActiveCfg = Debug|Any CPU
		{9EE404B1-7BCC-4486-A68E-83F887ED552E}.Debug|Any CPU.Build.0 = Debug|Any CPU
		{9EE404B1-7BCC-4486-A68E-83F887ED552E}.Debug|ARM.ActiveCfg = Debug|ARM
		{9EE404B1-7BCC-4486-A68E-83F887ED552E}.Debug|ARM.Build.0 = Debug|ARM
		{9EE404B1-7BCC-4486-A68E-83F887ED552E}.Debug|x64.ActiveCfg = Debug|x64
		{9EE404B1-7BCC-4486-A68E-83F887ED552E}.Debug|x64.Build.0 = Debug|x64
		{9EE404B1-7BCC-4486-A68E-83F887ED552E}.Debug|x86.ActiveCfg = Debug|x86
		{9EE404B1-7BCC-4486-A68E-83F887ED552E}.Debug|x86.Build.0 = Debug|x86
		{9EE404B1-7BCC-4486-A68E-83F887ED552E}.Release|Any CPU.ActiveCfg = Release|Any CPU
		{9EE404B1-7BCC-4486-A68E-83F887ED552E}.Release|Any CPU.Build.0 = Release|Any CPU
		{9EE404B1-7BCC-4486-A68E-83F887ED552E}.Release|ARM.ActiveCfg = Release|ARM
		{9EE404B1-7BCC-4486-A68E-83F887ED552E}.Release|ARM.Build.0 = Release|ARM
		{9EE404B1-7BCC-4486-A68E-83F887ED552E}.Release|x64.ActiveCfg = Release|x64
		{9EE404B1-7BCC-4486-A68E-83F887ED552E}.Release|x64.Build.0 = Release|x64
		{9EE404B1-7BCC-4486-A68E-83F887ED552E}.Release|x86.ActiveCfg = Release|x86
		{9EE404B1-7BCC-4486-A68E-83F887ED552E}.Release|x86.Build.0 = Release|x86
		{12316F26-107C-4A5F-BB61-808450109E1C}.Debug|Any CPU.ActiveCfg = Debug|Any CPU
		{12316F26-107C-4A5F-BB61-808450109E1C}.Debug|Any CPU.Build.0 = Debug|Any CPU
		{12316F26-107C-4A5F-BB61-808450109E1C}.Debug|ARM.ActiveCfg = Debug|ARM
		{12316F26-107C-4A5F-BB61-808450109E1C}.Debug|ARM.Build.0 = Debug|ARM
		{12316F26-107C-4A5F-BB61-808450109E1C}.Debug|x64.ActiveCfg = Debug|x64
		{12316F26-107C-4A5F-BB61-808450109E1C}.Debug|x64.Build.0 = Debug|x64
		{12316F26-107C-4A5F-BB61-808450109E1C}.Debug|x86.ActiveCfg = Debug|x86
		{12316F26-107C-4A5F-BB61-808450109E1C}.Debug|x86.Build.0 = Debug|x86
		{12316F26-107C-4A5F-BB61-808450109E1C}.Release|Any CPU.ActiveCfg = Release|Any CPU
		{12316F26-107C-4A5F-BB61-808450109E1C}.Release|Any CPU.Build.0 = Release|Any CPU
		{12316F26-107C-4A5F-BB61-808450109E1C}.Release|ARM.ActiveCfg = Release|ARM
		{12316F26-107C-4A5F-BB61-808450109E1C}.Release|ARM.Build.0 = Release|ARM
		{12316F26-107C-4A5F-BB61-808450109E1C}.Release|x64.ActiveCfg = Release|x64
		{12316F26-107C-4A5F-BB61-808450109E1C}.Release|x64.Build.0 = Release|x64
		{12316F26-107C-4A5F-BB61-808450109E1C}.Release|x86.ActiveCfg = Release|x86
		{12316F26-107C-4A5F-BB61-808450109E1C}.Release|x86.Build.0 = Release|x86
		{A352F74E-A909-4F50-AF02-4CB06805146B}.Debug|Any CPU.ActiveCfg = Debug|x86
		{A352F74E-A909-4F50-AF02-4CB06805146B}.Debug|ARM.ActiveCfg = Debug|ARM
		{A352F74E-A909-4F50-AF02-4CB06805146B}.Debug|ARM.Build.0 = Debug|ARM
		{A352F74E-A909-4F50-AF02-4CB06805146B}.Debug|ARM.Deploy.0 = Debug|ARM
		{A352F74E-A909-4F50-AF02-4CB06805146B}.Debug|x64.ActiveCfg = Debug|x64
		{A352F74E-A909-4F50-AF02-4CB06805146B}.Debug|x64.Build.0 = Debug|x64
		{A352F74E-A909-4F50-AF02-4CB06805146B}.Debug|x64.Deploy.0 = Debug|x64
		{A352F74E-A909-4F50-AF02-4CB06805146B}.Debug|x86.ActiveCfg = Debug|x86
		{A352F74E-A909-4F50-AF02-4CB06805146B}.Debug|x86.Build.0 = Debug|x86
		{A352F74E-A909-4F50-AF02-4CB06805146B}.Debug|x86.Deploy.0 = Debug|x86
		{A352F74E-A909-4F50-AF02-4CB06805146B}.Release|Any CPU.ActiveCfg = Release|x86
		{A352F74E-A909-4F50-AF02-4CB06805146B}.Release|ARM.ActiveCfg = Release|ARM
		{A352F74E-A909-4F50-AF02-4CB06805146B}.Release|ARM.Build.0 = Release|ARM
		{A352F74E-A909-4F50-AF02-4CB06805146B}.Release|ARM.Deploy.0 = Release|ARM
		{A352F74E-A909-4F50-AF02-4CB06805146B}.Release|x64.ActiveCfg = Release|x64
		{A352F74E-A909-4F50-AF02-4CB06805146B}.Release|x64.Build.0 = Release|x64
		{A352F74E-A909-4F50-AF02-4CB06805146B}.Release|x64.Deploy.0 = Release|x64
		{A352F74E-A909-4F50-AF02-4CB06805146B}.Release|x86.ActiveCfg = Release|x86
		{A352F74E-A909-4F50-AF02-4CB06805146B}.Release|x86.Build.0 = Release|x86
		{A352F74E-A909-4F50-AF02-4CB06805146B}.Release|x86.Deploy.0 = Release|x86
		{C451252D-1B82-4071-ACD0-0778E9687FCB}.Debug|Any CPU.ActiveCfg = Debug|Any CPU
		{C451252D-1B82-4071-ACD0-0778E9687FCB}.Debug|Any CPU.Build.0 = Debug|Any CPU
		{C451252D-1B82-4071-ACD0-0778E9687FCB}.Debug|ARM.ActiveCfg = Debug|ARM
		{C451252D-1B82-4071-ACD0-0778E9687FCB}.Debug|ARM.Build.0 = Debug|ARM
		{C451252D-1B82-4071-ACD0-0778E9687FCB}.Debug|x64.ActiveCfg = Debug|x64
		{C451252D-1B82-4071-ACD0-0778E9687FCB}.Debug|x64.Build.0 = Debug|x64
		{C451252D-1B82-4071-ACD0-0778E9687FCB}.Debug|x86.ActiveCfg = Debug|x86
		{C451252D-1B82-4071-ACD0-0778E9687FCB}.Debug|x86.Build.0 = Debug|x86
		{C451252D-1B82-4071-ACD0-0778E9687FCB}.Release|Any CPU.ActiveCfg = Release|Any CPU
		{C451252D-1B82-4071-ACD0-0778E9687FCB}.Release|Any CPU.Build.0 = Release|Any CPU
		{C451252D-1B82-4071-ACD0-0778E9687FCB}.Release|ARM.ActiveCfg = Release|ARM
		{C451252D-1B82-4071-ACD0-0778E9687FCB}.Release|ARM.Build.0 = Release|ARM
		{C451252D-1B82-4071-ACD0-0778E9687FCB}.Release|x64.ActiveCfg = Release|x64
		{C451252D-1B82-4071-ACD0-0778E9687FCB}.Release|x64.Build.0 = Release|x64
		{C451252D-1B82-4071-ACD0-0778E9687FCB}.Release|x86.ActiveCfg = Release|x86
		{C451252D-1B82-4071-ACD0-0778E9687FCB}.Release|x86.Build.0 = Release|x86
		{2DB207FA-8956-4D43-8732-73200EF02B7A}.Debug|Any CPU.ActiveCfg = Debug|Any CPU
		{2DB207FA-8956-4D43-8732-73200EF02B7A}.Debug|Any CPU.Build.0 = Debug|Any CPU
		{2DB207FA-8956-4D43-8732-73200EF02B7A}.Debug|ARM.ActiveCfg = Debug|ARM
		{2DB207FA-8956-4D43-8732-73200EF02B7A}.Debug|ARM.Build.0 = Debug|ARM
		{2DB207FA-8956-4D43-8732-73200EF02B7A}.Debug|x64.ActiveCfg = Debug|x64
		{2DB207FA-8956-4D43-8732-73200EF02B7A}.Debug|x64.Build.0 = Debug|x64
		{2DB207FA-8956-4D43-8732-73200EF02B7A}.Debug|x86.ActiveCfg = Debug|x86
		{2DB207FA-8956-4D43-8732-73200EF02B7A}.Debug|x86.Build.0 = Debug|x86
		{2DB207FA-8956-4D43-8732-73200EF02B7A}.Release|Any CPU.ActiveCfg = Release|Any CPU
		{2DB207FA-8956-4D43-8732-73200EF02B7A}.Release|Any CPU.Build.0 = Release|Any CPU
		{2DB207FA-8956-4D43-8732-73200EF02B7A}.Release|ARM.ActiveCfg = Release|ARM
		{2DB207FA-8956-4D43-8732-73200EF02B7A}.Release|ARM.Build.0 = Release|ARM
		{2DB207FA-8956-4D43-8732-73200EF02B7A}.Release|x64.ActiveCfg = Release|x64
		{2DB207FA-8956-4D43-8732-73200EF02B7A}.Release|x64.Build.0 = Release|x64
		{2DB207FA-8956-4D43-8732-73200EF02B7A}.Release|x86.ActiveCfg = Release|x86
		{2DB207FA-8956-4D43-8732-73200EF02B7A}.Release|x86.Build.0 = Release|x86
		{D8C89A7D-0B42-449A-89C4-9D781EB9721A}.Debug|Any CPU.ActiveCfg = Debug|Any CPU
		{D8C89A7D-0B42-449A-89C4-9D781EB9721A}.Debug|Any CPU.Build.0 = Debug|Any CPU
		{D8C89A7D-0B42-449A-89C4-9D781EB9721A}.Debug|ARM.ActiveCfg = Debug|ARM
		{D8C89A7D-0B42-449A-89C4-9D781EB9721A}.Debug|ARM.Build.0 = Debug|ARM
		{D8C89A7D-0B42-449A-89C4-9D781EB9721A}.Debug|x64.ActiveCfg = Debug|x64
		{D8C89A7D-0B42-449A-89C4-9D781EB9721A}.Debug|x64.Build.0 = Debug|x64
		{D8C89A7D-0B42-449A-89C4-9D781EB9721A}.Debug|x86.ActiveCfg = Debug|x86
		{D8C89A7D-0B42-449A-89C4-9D781EB9721A}.Debug|x86.Build.0 = Debug|x86
		{D8C89A7D-0B42-449A-89C4-9D781EB9721A}.Release|Any CPU.ActiveCfg = Release|Any CPU
		{D8C89A7D-0B42-449A-89C4-9D781EB9721A}.Release|Any CPU.Build.0 = Release|Any CPU
		{D8C89A7D-0B42-449A-89C4-9D781EB9721A}.Release|ARM.ActiveCfg = Release|ARM
		{D8C89A7D-0B42-449A-89C4-9D781EB9721A}.Release|ARM.Build.0 = Release|ARM
		{D8C89A7D-0B42-449A-89C4-9D781EB9721A}.Release|x64.ActiveCfg = Release|x64
		{D8C89A7D-0B42-449A-89C4-9D781EB9721A}.Release|x64.Build.0 = Release|x64
		{D8C89A7D-0B42-449A-89C4-9D781EB9721A}.Release|x86.ActiveCfg = Release|x86
		{D8C89A7D-0B42-449A-89C4-9D781EB9721A}.Release|x86.Build.0 = Release|x86
		{C84067DA-CF2E-4389-81C0-09A2C1408184}.Debug|Any CPU.ActiveCfg = Debug|x86
		{C84067DA-CF2E-4389-81C0-09A2C1408184}.Debug|ARM.ActiveCfg = Debug|ARM
		{C84067DA-CF2E-4389-81C0-09A2C1408184}.Debug|ARM.Build.0 = Debug|ARM
		{C84067DA-CF2E-4389-81C0-09A2C1408184}.Debug|ARM.Deploy.0 = Debug|ARM
		{C84067DA-CF2E-4389-81C0-09A2C1408184}.Debug|x64.ActiveCfg = Debug|x64
		{C84067DA-CF2E-4389-81C0-09A2C1408184}.Debug|x64.Build.0 = Debug|x64
		{C84067DA-CF2E-4389-81C0-09A2C1408184}.Debug|x64.Deploy.0 = Debug|x64
		{C84067DA-CF2E-4389-81C0-09A2C1408184}.Debug|x86.ActiveCfg = Debug|x86
		{C84067DA-CF2E-4389-81C0-09A2C1408184}.Debug|x86.Build.0 = Debug|x86
		{C84067DA-CF2E-4389-81C0-09A2C1408184}.Debug|x86.Deploy.0 = Debug|x86
		{C84067DA-CF2E-4389-81C0-09A2C1408184}.Release|Any CPU.ActiveCfg = Release|x86
		{C84067DA-CF2E-4389-81C0-09A2C1408184}.Release|ARM.ActiveCfg = Release|ARM
		{C84067DA-CF2E-4389-81C0-09A2C1408184}.Release|ARM.Build.0 = Release|ARM
		{C84067DA-CF2E-4389-81C0-09A2C1408184}.Release|ARM.Deploy.0 = Release|ARM
		{C84067DA-CF2E-4389-81C0-09A2C1408184}.Release|x64.ActiveCfg = Release|x64
		{C84067DA-CF2E-4389-81C0-09A2C1408184}.Release|x64.Build.0 = Release|x64
		{C84067DA-CF2E-4389-81C0-09A2C1408184}.Release|x64.Deploy.0 = Release|x64
		{C84067DA-CF2E-4389-81C0-09A2C1408184}.Release|x86.ActiveCfg = Release|x86
		{C84067DA-CF2E-4389-81C0-09A2C1408184}.Release|x86.Build.0 = Release|x86
		{C84067DA-CF2E-4389-81C0-09A2C1408184}.Release|x86.Deploy.0 = Release|x86
	EndGlobalSection
	GlobalSection(SolutionProperties) = preSolution
		HideSolutionNode = FALSE
	EndGlobalSection
	GlobalSection(NestedProjects) = preSolution
		{A1B88504-74FF-4939-8880-61B4C4B03141} = {D5E6288F-DDC1-4B73-A4CB-FEF4C0B3A641}
		{9A85220A-2DD4-4D5B-9A7E-15D03CE85DB3} = {D5E6288F-DDC1-4B73-A4CB-FEF4C0B3A641}
		{E2AB1BBD-3AA5-4665-99CB-5AB506BF0BE5} = {D5E6288F-DDC1-4B73-A4CB-FEF4C0B3A641}
		{0E3B0941-B5AF-4BBC-8229-5C464E7A6954} = {D5E6288F-DDC1-4B73-A4CB-FEF4C0B3A641}
		{1B94CDBE-46E5-410D-864E-23A64E1AAC1E} = {D5E6288F-DDC1-4B73-A4CB-FEF4C0B3A641}
		{9EE404B1-7BCC-4486-A68E-83F887ED552E} = {216FB182-12A8-43E4-8630-426FB38D7463}
		{12316F26-107C-4A5F-BB61-808450109E1C} = {216FB182-12A8-43E4-8630-426FB38D7463}
		{216FB182-12A8-43E4-8630-426FB38D7463} = {D5E6288F-DDC1-4B73-A4CB-FEF4C0B3A641}
		{C451252D-1B82-4071-ACD0-0778E9687FCB} = {216FB182-12A8-43E4-8630-426FB38D7463}
		{2DB207FA-8956-4D43-8732-73200EF02B7A} = {216FB182-12A8-43E4-8630-426FB38D7463}
		{D8C89A7D-0B42-449A-89C4-9D781EB9721A} = {216FB182-12A8-43E4-8630-426FB38D7463}
	EndGlobalSection
	GlobalSection(ExtensibilityGlobals) = postSolution
		SolutionGuid = {E65DCE4B-8C1F-4729-B274-F8AC859A7EC8}
	EndGlobalSection
EndGlobal
